<?xml version="1.0" encoding="utf-8"?>
<Project ToolsVersion="4.0" xmlns="http://schemas.microsoft.com/developer/msbuild/2003">
  <ItemGroup>
    <Filter Include="Source Files">
      <UniqueIdentifier>{4FC737F1-C7A5-4376-A066-2A32D752A2FF}</UniqueIdentifier>
      <Extensions>cpp;c;cc;cxx;def;odl;idl;hpj;bat;asm;asmx</Extensions>
    </Filter>
    <Filter Include="Header Files">
      <UniqueIdentifier>{93995380-89BD-4b04-88EB-625FBE52EBFB}</UniqueIdentifier>
      <Extensions>h;hh;hpp;hxx;hm;inl;inc;xsd</Extensions>
    </Filter>
    <Filter Include="Resource Files">
      <UniqueIdentifier>{67DA6AB6-F800-4c08-8B7A-83BB121AAD01}</UniqueIdentifier>
      <Extensions>rc;ico;cur;bmp;dlg;rc2;rct;bin;rgs;gif;jpg;jpeg;jpe;resx;tiff;tif;png;wav;mfcribbon-ms</Extensions>
    </Filter>
  </ItemGroup>
  <ItemGroup>
    <Text Include="ReadMe.txt" />
  </ItemGroup>
  <ItemGroup>
    <ClInclude Include="stdafx.h">
      <Filter>Header Files</Filter>
    </ClInclude>
    <ClInclude Include="targetver.h">
      <Filter>Header Files</Filter>
    </ClInclude>
    <ClInclude Include="MVGame.h">
      <Filter>Header Files</Filter>
    </ClInclude>
    <ClInclude Include="MVGameController.h">
      <Filter>Header Files</Filter>
    </ClInclude>
    <ClInclude Include="MVGameStateMachine.h">
      <Filter>Header Files</Filter>
    </ClInclude>
    <ClInclude Include="MVFileController.h">
      <Filter>Header Files</Filter>
    </ClInclude>
    <ClInclude Include="MVInputController.h">
      <Filter>Header Files</Filter>
    </ClInclude>
    <ClInclude Include="MVIGameObject.h">
      <Filter>Header Files</Filter>
    </ClInclude>
    <ClInclude Include="MVCard.h">
      <Filter>Header Files</Filter>
    </ClInclude>
    <ClInclude Include="MVCoin.h">
      <Filter>Header Files</Filter>
    </ClInclude>
    <ClInclude Include="MVHelpCard.h">
      <Filter>Header Files</Filter>
    </ClInclude>
    <ClInclude Include="MVCharacter.h">
      <Filter>Header Files</Filter>
    </ClInclude>
    <ClInclude Include="MVPlayer.h">
      <Filter>Header Files</Filter>
    </ClInclude>
    <ClInclude Include="MVBuilding.h">
      <Filter>Header Files</Filter>
    </ClInclude>
    <ClInclude Include="MVMainFactory.h">
      <Filter>Header Files</Filter>
    </ClInclude>
    <ClInclude Include="MVItemFactory.h">
      <Filter>Header Files</Filter>
    </ClInclude>
    <ClInclude Include="MVCharacterFactory.h">
      <Filter>Header Files</Filter>
    </ClInclude>
    <ClInclude Include="MVEnum.h">
      <Filter>Header Files</Filter>
    </ClInclude>
    <ClInclude Include="MVGameState.h">
      <Filter>Header Files</Filter>
    </ClInclude>
  </ItemGroup>
  <ItemGroup>
    <ClCompile Include="stdafx.cpp">
      <Filter>Source Files</Filter>
    </ClCompile>
    <ClCompile Include="MVMain.cpp">
      <Filter>Source Files</Filter>
    </ClCompile>
    <ClCompile Include="MVGame.cpp">
      <Filter>Source Files</Filter>
    </ClCompile>
    <ClCompile Include="MVGameController.cpp">
      <Filter>Source Files</Filter>
    </ClCompile>
    <ClCompile Include="MVGameStateMachine.cpp">
      <Filter>Source Files</Filter>
    </ClCompile>
    <ClCompile Include="MVFileController.cpp">
      <Filter>Source Files</Filter>
    </ClCompile>
    <ClCompile Include="MVInputController.cpp">
      <Filter>Source Files</Filter>
    </ClCompile>
    <ClCompile Include="MVIGameObject.cpp">
      <Filter>Source Files</Filter>
    </ClCompile>
    <ClCompile Include="MVCard.cpp">
      <Filter>Source Files</Filter>
    </ClCompile>
    <ClCompile Include="MVCoin.cpp">
      <Filter>Source Files</Filter>
    </ClCompile>
    <ClCompile Include="MVHelpCard.cpp">
      <Filter>Source Files</Filter>
    </ClCompile>
    <ClCompile Include="MVCharacter.cpp">
      <Filter>Source Files</Filter>
    </ClCompile>
    <ClCompile Include="MVPlayer.cpp">
      <Filter>Source Files</Filter>
    </ClCompile>
    <ClCompile Include="MVBuilding.cpp">
      <Filter>Source Files</Filter>
    </ClCompile>
    <ClCompile Include="MVMainFactory.cpp">
      <Filter>Source Files</Filter>
    </ClCompile>
    <ClCompile Include="MVItemFactory.cpp">
      <Filter>Source Files</Filter>
    </ClCompile>
    <ClCompile Include="MVCharacterFactory.cpp">
      <Filter>Source Files</Filter>
    </ClCompile>
    <ClCompile Include="MVEnum.cpp">
      <Filter>Source Files</Filter>
    </ClCompile>
    <ClCompile Include="MVGameState.cpp">
      <Filter>Source Files</Filter>
    </ClCompile>
  </ItemGroup>
</Project>