<?xml version="1.0" encoding="utf-8"?>
<Project ToolsVersion="4.0" xmlns="http://schemas.microsoft.com/developer/msbuild/2003">
  <ItemGroup>
    <Filter Include="Source Files">
      <UniqueIdentifier>{4FC737F1-C7A5-4376-A066-2A32D752A2FF}</UniqueIdentifier>
      <Extensions>cpp;c;cc;cxx;def;odl;idl;hpj;bat;asm;asmx</Extensions>
    </Filter>
    <Filter Include="Header Files">
      <UniqueIdentifier>{93995380-89BD-4b04-88EB-625FBE52EBFB}</UniqueIdentifier>
      <Extensions>h;hh;hpp;hxx;hm;inl;inc;xsd</Extensions>
    </Filter>
    <Filter Include="Resource Files">
      <UniqueIdentifier>{67DA6AB6-F800-4c08-8B7A-83BB121AAD01}</UniqueIdentifier>
      <Extensions>rc;ico;cur;bmp;dlg;rc2;rct;bin;rgs;gif;jpg;jpeg;jpe;resx;tiff;tif;png;wav;mfcribbon-ms</Extensions>
    </Filter>
  </ItemGroup>
  <ItemGroup>
    <Text Include="ReadMe.txt" />
  </ItemGroup>
  <ItemGroup>
    <ClCompile Include="MachiavelliServer\Controller\MVFileController.cpp">
      <Filter>Source Files</Filter>
    </ClCompile>
    <ClCompile Include="MachiavelliServer\Controller\MVGame.cpp">
      <Filter>Source Files</Filter>
    </ClCompile>
    <ClCompile Include="MachiavelliServer\Controller\MVGameController.cpp">
      <Filter>Source Files</Filter>
    </ClCompile>
    <ClCompile Include="MachiavelliServer\Controller\MVGameStateMachine.cpp">
      <Filter>Source Files</Filter>
    </ClCompile>
    <ClCompile Include="MachiavelliServer\Controller\MVInputController.cpp">
      <Filter>Source Files</Filter>
    </ClCompile>
    <ClCompile Include="MachiavelliServer\Enum\MVEnum.cpp">
      <Filter>Source Files</Filter>
    </ClCompile>
    <ClCompile Include="MachiavelliServer\Factory\MVMainFactory.cpp">
      <Filter>Source Files</Filter>
    </ClCompile>
    <ClCompile Include="MachiavelliServer\Model\MVIGameObject.cpp">
      <Filter>Source Files</Filter>
    </ClCompile>
    <ClCompile Include="MachiavelliServer\States\MVGameState.cpp">
      <Filter>Source Files</Filter>
    </ClCompile>
    <ClCompile Include="MachiavelliServer\Model\MVCard.cpp">
      <Filter>Source Files</Filter>
    </ClCompile>
    <ClCompile Include="MachiavelliServer\Model\MVCoin.cpp">
      <Filter>Source Files</Filter>
    </ClCompile>
    <ClCompile Include="MachiavelliServer\Model\MVBuilding.cpp">
      <Filter>Source Files</Filter>
    </ClCompile>
    <ClCompile Include="MachiavelliServer\Model\MVCharacter.cpp">
      <Filter>Source Files</Filter>
    </ClCompile>
    <ClCompile Include="MachiavelliServer\Model\MVPlayer.cpp">
      <Filter>Source Files</Filter>
    </ClCompile>
    <ClCompile Include="MachiavelliServer\Model\MVSpecialBuilding.cpp">
      <Filter>Source Files</Filter>
    </ClCompile>
    <ClCompile Include="MachiavelliServer\Server\Socket.cpp">
      <Filter>Source Files</Filter>
    </ClCompile>
    <ClCompile Include="MachiavelliServer\Server\throw.cpp">
      <Filter>Source Files</Filter>
    </ClCompile>
    <ClCompile Include="MachiavelliServer\Server\Server.cpp">
      <Filter>Source Files</Filter>
    </ClCompile>
    <ClCompile Include="MachiavelliServer\States\GameStates\MVDealState.cpp">
      <Filter>Source Files</Filter>
    </ClCompile>
    <ClCompile Include="MachiavelliServer\States\GameStates\MVLobbyState.cpp">
      <Filter>Source Files</Filter>
    </ClCompile>
    <ClCompile Include="MachiavelliServer\States\MVCharacterState.cpp">
      <Filter>Source Files</Filter>
    </ClCompile>
    <ClCompile Include="MachiavelliServer\States\CharacterStates\MVAssassinState.cpp">
      <Filter>Source Files</Filter>
    </ClCompile>
    <ClCompile Include="MachiavelliServer\States\CharacterStates\MVThiefState.cpp">
      <Filter>Source Files</Filter>
    </ClCompile>
    <ClCompile Include="MachiavelliServer\States\CharacterStates\MVMagicianState.cpp">
      <Filter>Source Files</Filter>
    </ClCompile>
    <ClCompile Include="MachiavelliServer\States\CharacterStates\MVKingState.cpp">
      <Filter>Source Files</Filter>
    </ClCompile>
    <ClCompile Include="MachiavelliServer\States\CharacterStates\MVArchitectState.cpp">
      <Filter>Source Files</Filter>
    </ClCompile>
    <ClCompile Include="MachiavelliServer\States\CharacterStates\MVCondottiereState.cpp">
      <Filter>Source Files</Filter>
    </ClCompile>
    <ClCompile Include="MachiavelliServer\States\CharacterStates\MVPreacherState.cpp">
      <Filter>Source Files</Filter>
    </ClCompile>
    <ClCompile Include="MachiavelliServer\States\CharacterStates\MVMerchantState.cpp">
      <Filter>Source Files</Filter>
    </ClCompile>
    <ClCompile Include="MachiavelliServer\States\ActionStates\MVActionState.cpp">
      <Filter>Source Files</Filter>
    </ClCompile>
    <ClCompile Include="MachiavelliServer\States\ActionStates\MVBuildActionState.cpp">
      <Filter>Source Files</Filter>
    </ClCompile>
    <ClCompile Include="MachiavelliServer\States\ActionStates\MVDestroyBuildingActionState.cpp">
      <Filter>Source Files</Filter>
    </ClCompile>
    <ClCompile Include="MachiavelliServer\States\ActionStates\MVMurderActionState.cpp">
      <Filter>Source Files</Filter>
    </ClCompile>
    <ClCompile Include="MachiavelliServer\States\ActionStates\MVStealActionState.cpp">
      <Filter>Source Files</Filter>
    </ClCompile>
    <ClCompile Include="MachiavelliServer\States\ActionStates\MVSwapWithPlayerActionState.cpp">
      <Filter>Source Files</Filter>
    </ClCompile>
    <ClCompile Include="MachiavelliServer\States\ActionStates\MVTradeWithDeckActionState.cpp">
      <Filter>Source Files</Filter>
    </ClCompile>
    <ClCompile Include="MVMain.cpp">
      <Filter>Source Files</Filter>
    </ClCompile>
    <ClCompile Include="MachiavelliServer\States\CharacterStates\MVClaimGoldCharacterState.cpp">
      <Filter>Source Files</Filter>
    </ClCompile>
  </ItemGroup>
  <ItemGroup>
    <ClInclude Include="MachiavelliServer\Controller\MVFileController.h">
      <Filter>Header Files</Filter>
    </ClInclude>
    <ClInclude Include="MachiavelliServer\Controller\MVGame.h">
      <Filter>Header Files</Filter>
    </ClInclude>
    <ClInclude Include="MachiavelliServer\Controller\MVGameController.h">
      <Filter>Header Files</Filter>
    </ClInclude>
    <ClInclude Include="MachiavelliServer\Controller\MVGameStateMachine.h">
      <Filter>Header Files</Filter>
    </ClInclude>
    <ClInclude Include="MachiavelliServer\Controller\MVInputController.h">
      <Filter>Header Files</Filter>
    </ClInclude>
    <ClInclude Include="MachiavelliServer\Enum\MVEnum.h">
      <Filter>Header Files</Filter>
    </ClInclude>
    <ClInclude Include="MachiavelliServer\Factory\MVMainFactory.h">
      <Filter>Header Files</Filter>
    </ClInclude>
    <ClInclude Include="MachiavelliServer\Model\MVIGameObject.h">
      <Filter>Header Files</Filter>
    </ClInclude>
    <ClInclude Include="MachiavelliServer\States\MVGameState.h">
      <Filter>Header Files</Filter>
    </ClInclude>
    <ClInclude Include="targetver.h">
      <Filter>Header Files</Filter>
    </ClInclude>
    <ClInclude Include="MachiavelliServer\Model\MVCard.h">
      <Filter>Header Files</Filter>
    </ClInclude>
    <ClInclude Include="MachiavelliServer\Model\MVCoin.h">
      <Filter>Header Files</Filter>
    </ClInclude>
    <ClInclude Include="MachiavelliServer\Model\MVBuilding.h">
      <Filter>Header Files</Filter>
    </ClInclude>
    <ClInclude Include="MachiavelliServer\Model\MVCharacter.h">
      <Filter>Header Files</Filter>
    </ClInclude>
    <ClInclude Include="MachiavelliServer\Model\MVPlayer.h">
      <Filter>Header Files</Filter>
    </ClInclude>
    <ClInclude Include="MachiavelliServer\Model\MVSpecialBuilding.h">
      <Filter>Header Files</Filter>
    </ClInclude>
    <ClInclude Include="MachiavelliServer\Server\ClientCommand.h">
      <Filter>Header Files</Filter>
    </ClInclude>
    <ClInclude Include="MachiavelliServer\Server\Socket.h">
      <Filter>Header Files</Filter>
    </ClInclude>
    <ClInclude Include="MachiavelliServer\Server\Sync_queue.h">
      <Filter>Header Files</Filter>
    </ClInclude>
    <ClInclude Include="MachiavelliServer\Server\throw.h">
      <Filter>Header Files</Filter>
    </ClInclude>
    <ClInclude Include="MachiavelliServer\Server\Server.h">
      <Filter>Header Files</Filter>
    </ClInclude>
    <ClInclude Include="MachiavelliServer\Model\MVDeck.h">
      <Filter>Header Files</Filter>
    </ClInclude>
    <ClInclude Include="MachiavelliServer\States\GameStates\MVDealState.h">
      <Filter>Header Files</Filter>
    </ClInclude>
    <ClInclude Include="MachiavelliServer\States\GameStates\MVLobbyState.h">
      <Filter>Header Files</Filter>
    </ClInclude>
    <ClInclude Include="MachiavelliServer\States\MVCharacterState.h">
      <Filter>Header Files</Filter>
    </ClInclude>
    <ClInclude Include="MachiavelliServer\States\CharacterStates\MVAssassinState.h">
      <Filter>Header Files</Filter>
    </ClInclude>
    <ClInclude Include="MachiavelliServer\States\CharacterStates\MVThiefState.h">
      <Filter>Header Files</Filter>
    </ClInclude>
    <ClInclude Include="MachiavelliServer\States\CharacterStates\MVMagicianState.h">
      <Filter>Header Files</Filter>
    </ClInclude>
    <ClInclude Include="MachiavelliServer\States\CharacterStates\MVKingState.h">
      <Filter>Header Files</Filter>
    </ClInclude>
    <ClInclude Include="MachiavelliServer\States\CharacterStates\MVPreacherState.h">
      <Filter>Header Files</Filter>
    </ClInclude>
    <ClInclude Include="MachiavelliServer\States\CharacterStates\MVArchitectState.h">
      <Filter>Header Files</Filter>
    </ClInclude>
    <ClInclude Include="MachiavelliServer\States\CharacterStates\MVCondottiereState.h">
      <Filter>Header Files</Filter>
    </ClInclude>
    <ClInclude Include="MachiavelliServer\States\CharacterStates\MVMerchantState.h">
      <Filter>Header Files</Filter>
    </ClInclude>
    <ClInclude Include="MachiavelliServer\States\ActionStates\MVActionState.h">
      <Filter>Header Files</Filter>
    </ClInclude>
    <ClInclude Include="MachiavelliServer\States\ActionStates\MVBuildActionState.h">
      <Filter>Header Files</Filter>
    </ClInclude>
    <ClInclude Include="MachiavelliServer\States\ActionStates\MVDestroyBuildingActionState.h">
      <Filter>Header Files</Filter>
    </ClInclude>
    <ClInclude Include="MachiavelliServer\States\ActionStates\MVMurderActionState.h">
      <Filter>Header Files</Filter>
    </ClInclude>
    <ClInclude Include="MachiavelliServer\States\ActionStates\MVStealActionState.h">
      <Filter>Header Files</Filter>
    </ClInclude>
    <ClInclude Include="MachiavelliServer\States\ActionStates\MVSwapWithPlayerActionState.h">
      <Filter>Header Files</Filter>
    </ClInclude>
    <ClInclude Include="MachiavelliServer\States\ActionStates\MVTradeWithDeckActionState.h">
      <Filter>Header Files</Filter>
    </ClInclude>
    <ClInclude Include="MachiavelliServer\States\CharacterStates\MVClaimGoldCharacterState.h">
      <Filter>Header Files</Filter>
    </ClInclude>
  </ItemGroup>
  <ItemGroup>
    <None Include="MachiavelliServer\ExternSourceFiles\bouwkaarten.csv" />
    <None Include="MachiavelliServer\ExternSourceFiles\karakterkaarten.csv" />
  </ItemGroup>
</Project>